
Microsoft Visual Studio Solution File, Format Version 12.00
# Visual Studio Version 17
VisualStudioVersion = 17.2.32616.157
MinimumVisualStudioVersion = 10.0.40219.1
Project("{888888A0-9F3D-457C-B088-3A5042F75D52}") = "MatrixProduceRREF", "MatrixProduceRREF.pyproj", "{0142BDE4-27EC-4F97-9321-420D65134531}"
EndProject
Global
	GlobalSection(SolutionConfigurationPlatforms) = preSolution
		Debug|Any CPU = Debug|Any CPU
		Release|Any CPU = Release|Any CPU
	EndGlobalSection
	GlobalSection(ProjectConfigurationPlatforms) = postSolution
		{0142BDE4-27EC-4F97-9321-420D65134531}.Debug|Any CPU.ActiveCfg = Debug|Any CPU
		{0142BDE4-27EC-4F97-9321-420D65134531}.Release|Any CPU.ActiveCfg = Release|Any CPU
	EndGlobalSection
	GlobalSection(SolutionProperties) = preSolution
		HideSolutionNode = FALSE
	EndGlobalSection
	GlobalSection(ExtensibilityGlobals) = postSolution
		SolutionGuid = {80FD7288-E7DB-4B74-8637-0E64ADF964D0}
	EndGlobalSection
EndGlobal
